Microsoft Visual Studio Solution File, Format Version 12.00
# Visual Studio Version 17
VisualStudioVersion = 17.0.31903.59
MinimumVisualStudioVersion = 10.0.40219.1
Project("{FAE04EC0-301F-11D3-BF4B-00C04F79EFBC}") = "Games.Models", "Games.Models/Games.Models.csproj", "{2B76B6E8-1F3B-4D22-8B5C-4D2D03C16A01}"
EndProject
Project("{FAE04EC0-301F-11D3-BF4B-00C04F79EFBC}") = "Games.Data", "Games.Data/Games.Data.csproj", "{4C7D4C1A-23D0-4E48-AE4E-0C95EE4D9E02}"
EndProject
Project("{FAE04EC0-301F-11D3-BF4B-00C04F79EFBC}") = "Games.App", "Games.App/Games.App.csproj", "{7AA1DB43-8E68-4D50-AB8F-447B4F9C5D03}"
EndProject
Global
	GlobalSection(SolutionConfigurationPlatforms) = preSolution
		Debug|Any CPU = Debug|Any CPU
		Release|Any CPU = Release|Any CPU
	EndGlobalSection
	GlobalSection(ProjectConfigurationPlatforms) = postSolution
		{2B76B6E8-1F3B-4D22-8B5C-4D2D03C16A01}.Debug|Any CPU.ActiveCfg = Debug|Any CPU
		{2B76B6E8-1F3B-4D22-8B5C-4D2D03C16A01}.Debug|Any CPU.Build.0 = Debug|Any CPU
		{2B76B6E8-1F3B-4D22-8B5C-4D2D03C16A01}.Release|Any CPU.ActiveCfg = Release|Any CPU
		{2B76B6E8-1F3B-4D22-8B5C-4D2D03C16A01}.Release|Any CPU.Build.0 = Release|Any CPU
		{4C7D4C1A-23D0-4E48-AE4E-0C95EE4D9E02}.Debug|Any CPU.ActiveCfg = Debug|Any CPU
		{4C7D4C1A-23D0-4E48-AE4E-0C95EE4D9E02}.Debug|Any CPU.Build.0 = Debug|Any CPU
		{4C7D4C1A-23D0-4E48-AE4E-0C95EE4D9E02}.Release|Any CPU.ActiveCfg = Release|Any CPU
		{4C7D4C1A-23D0-4E48-AE4E-0C95EE4D9E02}.Release|Any CPU.Build.0 = Release|Any CPU
		{7AA1DB43-8E68-4D50-AB8F-447B4F9C5D03}.Debug|Any CPU.ActiveCfg = Debug|Any CPU
		{7AA1DB43-8E68-4D50-AB8F-447B4F9C5D03}.Debug|Any CPU.Build.0 = Debug|Any CPU
		{7AA1DB43-8E68-4D50-AB8F-447B4F9C5D03}.Release|Any CPU.ActiveCfg = Release|Any CPU
		{7AA1DB43-8E68-4D50-AB8F-447B4F9C5D03}.Release|Any CPU.Build.0 = Release|Any CPU
	EndGlobalSection
	GlobalSection(SolutionProperties) = preSolution
		HideSolutionNode = FALSE
	EndGlobalSection
EndGlobal
